
Microsoft Visual Studio Solution File, Format Version 12.00
# Visual Studio 15
VisualStudioVersion = 15.0.27703.2035
MinimumVisualStudioVersion = 10.0.40219.1
Project("{8BC9CEB8-8B4A-11D0-8D11-00A0C91BC942}") = "gobang-platform", "gobang.vcxproj", "{7B189E78-541C-336A-B8E5-5A556FD54729}"
EndProject
Project("{8BC9CEB8-8B4A-11D0-8D11-00A0C91BC942}") = "ConsoleApplication1", "ConsoleApplication1\ConsoleApplication1.vcxproj", "{E7D4ECF7-C3B4-49EB-AEF2-9D7DB65DCDF8}"
EndProject
Global
	GlobalSection(SolutionConfigurationPlatforms) = preSolution
		Debug|x64 = Debug|x64
		Debug|x86 = Debug|x86
		Release|x64 = Release|x64
		Release|x86 = Release|x86
	EndGlobalSection
	GlobalSection(ProjectConfigurationPlatforms) = postSolution
		{7B189E78-541C-336A-B8E5-5A556FD54729}.Debug|x64.ActiveCfg = Debug|x64
		{7B189E78-541C-336A-B8E5-5A556FD54729}.Debug|x64.Build.0 = Debug|x64
		{7B189E78-541C-336A-B8E5-5A556FD54729}.Debug|x86.ActiveCfg = Debug|x64
		{7B189E78-541C-336A-B8E5-5A556FD54729}.Release|x64.ActiveCfg = Release|x64
		{7B189E78-541C-336A-B8E5-5A556FD54729}.Release|x64.Build.0 = Release|x64
		{7B189E78-541C-336A-B8E5-5A556FD54729}.Release|x86.ActiveCfg = Release|x64
		{E7D4ECF7-C3B4-49EB-AEF2-9D7DB65DCDF8}.Debug|x64.ActiveCfg = Debug|x64
		{E7D4ECF7-C3B4-49EB-AEF2-9D7DB65DCDF8}.Debug|x64.Build.0 = Debug|x64
		{E7D4ECF7-C3B4-49EB-AEF2-9D7DB65DCDF8}.Debug|x86.ActiveCfg = Debug|Win32
		{E7D4ECF7-C3B4-49EB-AEF2-9D7DB65DCDF8}.Debug|x86.Build.0 = Debug|Win32
		{E7D4ECF7-C3B4-49EB-AEF2-9D7DB65DCDF8}.Release|x64.ActiveCfg = Release|x64
		{E7D4ECF7-C3B4-49EB-AEF2-9D7DB65DCDF8}.Release|x64.Build.0 = Release|x64
		{E7D4ECF7-C3B4-49EB-AEF2-9D7DB65DCDF8}.Release|x86.ActiveCfg = Release|Win32
		{E7D4ECF7-C3B4-49EB-AEF2-9D7DB65DCDF8}.Release|x86.Build.0 = Release|Win32
	EndGlobalSection
	GlobalSection(SolutionProperties) = preSolution
		HideSolutionNode = FALSE
	EndGlobalSection
	GlobalSection(ExtensibilityGlobals) = postSolution
		SolutionGuid = {EDE33216-6767-4034-A9D1-2D51091ACDB5}
	EndGlobalSection
EndGlobal
